
Microsoft Visual Studio Solution File, Format Version 12.00
# Visual Studio Version 17
VisualStudioVersion = 17.12.35209.166
MinimumVisualStudioVersion = 10.0.40219.1
Project("{888888A0-9F3D-457C-B088-3A5042F75D52}") = "Test_patches", "Test_patches.pyproj", "{14E125D1-1AC1-4356-8BC8-6B59ECD5D22C}"
EndProject
Global
	GlobalSection(SolutionConfigurationPlatforms) = preSolution
		Debug|Any CPU = Debug|Any CPU
		Release|Any CPU = Release|Any CPU
	EndGlobalSection
	GlobalSection(ProjectConfigurationPlatforms) = postSolution
		{14E125D1-1AC1-4356-8BC8-6B59ECD5D22C}.Debug|Any CPU.ActiveCfg = Debug|Any CPU
		{14E125D1-1AC1-4356-8BC8-6B59ECD5D22C}.Release|Any CPU.ActiveCfg = Release|Any CPU
	EndGlobalSection
	GlobalSection(SolutionProperties) = preSolution
		HideSolutionNode = FALSE
	EndGlobalSection
	GlobalSection(ExtensibilityGlobals) = postSolution
		SolutionGuid = {883FD1DC-33BF-4A5C-927E-F86F61E10495}
	EndGlobalSection
EndGlobal
