
Microsoft Visual Studio Solution File, Format Version 12.00
# Visual Studio Version 17
VisualStudioVersion = 17.12.35209.166
MinimumVisualStudioVersion = 10.0.40219.1
Project("{888888A0-9F3D-457C-B088-3A5042F75D52}") = "scripts", "scripts.pyproj", "{C08FFB16-8164-42FB-BAAE-98367D893728}"
EndProject
Global
	GlobalSection(SolutionConfigurationPlatforms) = preSolution
		Debug|Any CPU = Debug|Any CPU
		Release|Any CPU = Release|Any CPU
	EndGlobalSection
	GlobalSection(ProjectConfigurationPlatforms) = postSolution
		{C08FFB16-8164-42FB-BAAE-98367D893728}.Debug|Any CPU.ActiveCfg = Debug|Any CPU
		{C08FFB16-8164-42FB-BAAE-98367D893728}.Release|Any CPU.ActiveCfg = Release|Any CPU
	EndGlobalSection
	GlobalSection(SolutionProperties) = preSolution
		HideSolutionNode = FALSE
	EndGlobalSection
	GlobalSection(ExtensibilityGlobals) = postSolution
		SolutionGuid = {E3AB0E97-0D0C-447C-966B-3B67CF28007A}
	EndGlobalSection
EndGlobal
